
Microsoft Visual Studio Solution File, Format Version 12.00
# Visual Studio Version 17
VisualStudioVersion = 17.5.33516.290
MinimumVisualStudioVersion = 10.0.40219.1
Project("{FAE04EC0-301F-11D3-BF4B-00C04F79EFBC}") = "EjercicioEvaluarExamenesLab3", "EjercicioEvaluarExamenesLab3\EjercicioEvaluarExamenesLab3.csproj", "{6EDE0778-60DC-4B19-860B-D9A50F3F1C20}"
EndProject
Global
	GlobalSection(SolutionConfigurationPlatforms) = preSolution
		Debug|Any CPU = Debug|Any CPU
		Release|Any CPU = Release|Any CPU
	EndGlobalSection
	GlobalSection(ProjectConfigurationPlatforms) = postSolution
		{6EDE0778-60DC-4B19-860B-D9A50F3F1C20}.Debug|Any CPU.ActiveCfg = Debug|Any CPU
		{6EDE0778-60DC-4B19-860B-D9A50F3F1C20}.Debug|Any CPU.Build.0 = Debug|Any CPU
		{6EDE0778-60DC-4B19-860B-D9A50F3F1C20}.Release|Any CPU.ActiveCfg = Release|Any CPU
		{6EDE0778-60DC-4B19-860B-D9A50F3F1C20}.Release|Any CPU.Build.0 = Release|Any CPU
	EndGlobalSection
	GlobalSection(SolutionProperties) = preSolution
		HideSolutionNode = FALSE
	EndGlobalSection
	GlobalSection(ExtensibilityGlobals) = postSolution
		SolutionGuid = {3E922124-D172-4ED1-A113-7B55A849D677}
	EndGlobalSection
EndGlobal
